#MicroXplorer Configuration settings - do not modify
Mcu.Family=STM32F4
RCC.VCOOutputFreq_Value=192000000
NVIC.SysTick_IRQn=true\:15\:0\:false\:false\:false\:true\:false\:false
ProjectManager.LastFirmware=true
ProjectManager.MainLocation=Core/Src
ProjectManager.FirmwarePackage=STM32Cube FW_F4 V1.25.0
MxDb.Version=DB.5.0.60
ProjectManager.ProjectFileName=led_blink.ioc
RCC.APB2Freq_Value=16000000
RCC.CortexFreq_Value=16000000
ProjectManager.BackupPrevious=false
FREERTOS.Tasks01=defaultTask,0,128,StartDefaultTask,Default,NULL,Dynamic,NULL,NULL;myTask02,-3,128,StartTask02,Default,NULL,Dynamic,NULL,NULL
MxCube.Version=5.6.1
RCC.VCOInputFreq_Value=1000000
VP_SYS_VS_tim1.Signal=SYS_VS_tim1
ProjectManager.KeepUserCode=true
Mcu.UserName=STM32F401RETx
Mcu.PinsNb=3
VP_SYS_VS_tim1.Mode=TIM1
ProjectManager.NoMain=false
File.Version=6
RCC.PLLCLKFreq_Value=96000000
NVIC.NonMaskableInt_IRQn=true\:0\:0\:false\:false\:true\:false\:false\:false
RCC.PLLQCLKFreq_Value=48000000
NVIC.PendSV_IRQn=true\:15\:0\:false\:false\:false\:true\:false\:false
ProjectManager.functionlistsort=1-MX_GPIO_Init-GPIO-false-HAL-true,2-SystemClock_Config-RCC-false-HAL-false
VP_FREERTOS_VS_CMSIS_V1.Mode=CMSIS_V1
RCC.RTCFreq_Value=32000
ProjectManager.FreePins=false
RCC.IPParameters=AHBFreq_Value,APB1Freq_Value,APB2Freq_Value,CortexFreq_Value,HSE_VALUE,HSI_VALUE,I2SClocksFreq_Value,LSE_VALUE,LSI_VALUE,PLLCLKFreq_Value,PLLQCLKFreq_Value,RTCFreq_Value,RTCHSEDivFreq_Value,SYSCLKFreq_VALUE,VCOI2SOutputFreq_Value,VCOInputFreq_Value,VCOOutputFreq_Value,VcooutputI2S
ProjectManager.DefaultFWLocation=true
ProjectManager.AskForMigrate=true
Mcu.Name=STM32F401R(D-E)Tx
ProjectManager.HalAssertFull=false
RCC.RTCHSEDivFreq_Value=12500000
ProjectManager.DeletePrevious=true
ProjectManager.ProjectName=led_blink
ProjectManager.UnderRoot=true
ProjectManager.CoupleFile=false
RCC.SYSCLKFreq_VALUE=16000000
PinOutPanel.RotationAngle=0
Mcu.Package=LQFP64
ProjectManager.StackSize=0x400
PA5.Locked=true
NVIC.TimeBase=TIM1_UP_TIM10_IRQn
PA5.GPIO_Label=LD2
NVIC.ForceEnableDMAVector=true
KeepUserPlacement=false
NVIC.MemoryManagement_IRQn=true\:0\:0\:false\:false\:true\:false\:false\:false
ProjectManager.CompilerOptimize=6
VP_FREERTOS_VS_CMSIS_V1.Signal=FREERTOS_VS_CMSIS_V1
NVIC.SVCall_IRQn=true\:0\:0\:false\:false\:false\:false\:false\:false
Mcu.IP2=RCC
ProjectManager.ToolChainLocation=
RCC.LSI_VALUE=32000
Mcu.IP3=SYS
Mcu.IP0=FREERTOS
NVIC.TimeBaseIP=TIM1
Mcu.IP1=NVIC
FREERTOS.FootprintOK=true
ProjectManager.HeapSize=0x200
NVIC.HardFault_IRQn=true\:0\:0\:false\:false\:true\:false\:false\:false
PA5.GPIOParameters=GPIO_Label
Mcu.UserConstants=
NVIC.TIM1_UP_TIM10_IRQn=true\:0\:0\:false\:false\:true\:false\:false\:true
ProjectManager.TargetToolchain=STM32CubeIDE
ProjectManager.ComputerToolchain=false
RCC.HSI_VALUE=16000000
Mcu.ThirdPartyNb=0
NVIC.PriorityGroup=NVIC_PRIORITYGROUP_4
Mcu.IPNb=4
RCC.I2SClocksFreq_Value=96000000
ProjectManager.PreviousToolchain=
RCC.VcooutputI2S=96000000
NVIC.BusFault_IRQn=true\:0\:0\:false\:false\:true\:false\:false\:false
FREERTOS.IPParameters=Tasks01,FootprintOK
RCC.APB1Freq_Value=16000000
RCC.LSE_VALUE=32768
RCC.AHBFreq_Value=16000000
Mcu.Pin0=PA5
Mcu.Pin1=VP_FREERTOS_VS_CMSIS_V1
Mcu.Pin2=VP_SYS_VS_tim1
ProjectManager.CustomerFirmwarePackage=
ProjectManager.DeviceId=STM32F401RETx
RCC.VCOI2SOutputFreq_Value=192000000
ProjectManager.LibraryCopy=1
PA5.Signal=GPIO_Output
ProjectManager.ProjectBuild=false
RCC.HSE_VALUE=25000000
NVIC.UsageFault_IRQn=true\:0\:0\:false\:false\:true\:false\:false\:false
NVIC.DebugMonitor_IRQn=true\:0\:0\:false\:false\:true\:false\:false\:false
board=custom
isbadioc=false
