<?xml version="1.0" encoding="UTF-8"?>
<CodeBlocks_project_file>
	<FileVersion major="1" minor="6"/>
	<Project>
		<Option title="led_blink"/>
		<Option makefile_is_custom="1"/>
		<Option compiler="gcc"/>
		<Option virtualFolders="CMake Files\;"/>
		<Build>
			<Target title="all">
				<Option working_dir="/Users/key/STM32CubeIDE/workspace_1.3.0/led_blink/Release"/>
				<Option type="4"/>
				<MakeCommands>
					<Build command="/usr/local/bin/gmake -j8 -f &quot;/Users/key/STM32CubeIDE/workspace_1.3.0/led_blink/Release/Makefile&quot;  VERBOSE=1 all"/>
					<CompileFile command="/usr/local/bin/gmake -j8 -f &quot;/Users/key/STM32CubeIDE/workspace_1.3.0/led_blink/Release/Makefile&quot;  VERBOSE=1 &quot;$file&quot;"/>
					<Clean command="/usr/local/bin/gmake -j8 -f &quot;/Users/key/STM32CubeIDE/workspace_1.3.0/led_blink/Release/Makefile&quot;  VERBOSE=1 clean"/>
					<DistClean command="/usr/local/bin/gmake -j8 -f &quot;/Users/key/STM32CubeIDE/workspace_1.3.0/led_blink/Release/Makefile&quot;  VERBOSE=1 clean"/>
				</MakeCommands>
			</Target>
			<Target title="rebuild_cache">
				<Option working_dir="/Users/key/STM32CubeIDE/workspace_1.3.0/led_blink/Release"/>
				<Option type="4"/>
				<MakeCommands>
					<Build command="/usr/local/bin/gmake -j8 -f &quot;/Users/key/STM32CubeIDE/workspace_1.3.0/led_blink/Release/Makefile&quot;  VERBOSE=1 rebuild_cache"/>
					<CompileFile command="/usr/local/bin/gmake -j8 -f &quot;/Users/key/STM32CubeIDE/workspace_1.3.0/led_blink/Release/Makefile&quot;  VERBOSE=1 &quot;$file&quot;"/>
					<Clean command="/usr/local/bin/gmake -j8 -f &quot;/Users/key/STM32CubeIDE/workspace_1.3.0/led_blink/Release/Makefile&quot;  VERBOSE=1 clean"/>
					<DistClean command="/usr/local/bin/gmake -j8 -f &quot;/Users/key/STM32CubeIDE/workspace_1.3.0/led_blink/Release/Makefile&quot;  VERBOSE=1 clean"/>
				</MakeCommands>
			</Target>
			<Target title="edit_cache">
				<Option working_dir="/Users/key/STM32CubeIDE/workspace_1.3.0/led_blink/Release"/>
				<Option type="4"/>
				<MakeCommands>
					<Build command="/usr/local/bin/gmake -j8 -f &quot;/Users/key/STM32CubeIDE/workspace_1.3.0/led_blink/Release/Makefile&quot;  VERBOSE=1 edit_cache"/>
					<CompileFile command="/usr/local/bin/gmake -j8 -f &quot;/Users/key/STM32CubeIDE/workspace_1.3.0/led_blink/Release/Makefile&quot;  VERBOSE=1 &quot;$file&quot;"/>
					<Clean command="/usr/local/bin/gmake -j8 -f &quot;/Users/key/STM32CubeIDE/workspace_1.3.0/led_blink/Release/Makefile&quot;  VERBOSE=1 clean"/>
					<DistClean command="/usr/local/bin/gmake -j8 -f &quot;/Users/key/STM32CubeIDE/workspace_1.3.0/led_blink/Release/Makefile&quot;  VERBOSE=1 clean"/>
				</MakeCommands>
			</Target>
			<Target title="led_blink.elf">
				<Option output="/Users/key/STM32CubeIDE/workspace_1.3.0/led_blink/Release/led_blink.elf" prefix_auto="0" extension_auto="0"/>
				<Option working_dir="/Users/key/STM32CubeIDE/workspace_1.3.0/led_blink/Release"/>
				<Option object_output="./"/>
				<Option type="1"/>
				<Option compiler="gcc"/>
				<Compiler>
					<Add option="-DUSE_HAL_DRIVER"/>
					<Add option="-DSTM32F401xE"/>
					<Add option="-DDEBUG"/>
					<Add directory="/Users/key/STM32CubeIDE/workspace_1.3.0/led_blink/Middlewares/Third_Party/FreeRTOS/Source/include"/>
					<Add directory="/Users/key/STM32CubeIDE/workspace_1.3.0/led_blink/Middlewares/Third_Party/FreeRTOS/Source/portable/GCC/ARM_CM4F"/>
					<Add directory="/Users/key/STM32CubeIDE/workspace_1.3.0/led_blink/Drivers/CMSIS/Include"/>
					<Add directory="/Users/key/STM32CubeIDE/workspace_1.3.0/led_blink/Drivers/STM32F4xx_HAL_Driver/Inc"/>
					<Add directory="/Users/key/STM32CubeIDE/workspace_1.3.0/led_blink/Core/Inc"/>
					<Add directory="/Users/key/STM32CubeIDE/workspace_1.3.0/led_blink/Drivers/CMSIS/Device/ST/STM32F4xx/Include"/>
					<Add directory="/Users/key/STM32CubeIDE/workspace_1.3.0/led_blink/Middlewares/Third_Party/FreeRTOS/Source/CMSIS_RTOS"/>
					<Add directory="/Users/key/STM32CubeIDE/workspace_1.3.0/led_blink/Drivers/STM32F4xx_HAL_Driver/Inc/Legacy"/>
					<Add directory="/usr/local/Caskroom/gcc-arm-embedded/9-2019-q4-major/gcc-arm-none-eabi-9-2019-q4-major/bin/../lib/gcc/arm-none-eabi/9.2.1/../../../../arm-none-eabi/include/c++/9.2.1"/>
					<Add directory="/usr/local/Caskroom/gcc-arm-embedded/9-2019-q4-major/gcc-arm-none-eabi-9-2019-q4-major/bin/../lib/gcc/arm-none-eabi/9.2.1/../../../../arm-none-eabi/include/c++/9.2.1/arm-none-eabi"/>
					<Add directory="/usr/local/Caskroom/gcc-arm-embedded/9-2019-q4-major/gcc-arm-none-eabi-9-2019-q4-major/bin/../lib/gcc/arm-none-eabi/9.2.1/../../../../arm-none-eabi/include/c++/9.2.1/backward"/>
					<Add directory="/usr/local/Caskroom/gcc-arm-embedded/9-2019-q4-major/gcc-arm-none-eabi-9-2019-q4-major/bin/../lib/gcc/arm-none-eabi/9.2.1/include"/>
					<Add directory="/usr/local/Caskroom/gcc-arm-embedded/9-2019-q4-major/gcc-arm-none-eabi-9-2019-q4-major/bin/../lib/gcc/arm-none-eabi/9.2.1/include-fixed"/>
					<Add directory="/usr/local/Caskroom/gcc-arm-embedded/9-2019-q4-major/gcc-arm-none-eabi-9-2019-q4-major/bin/../lib/gcc/arm-none-eabi/9.2.1/../../../../arm-none-eabi/include"/>
				</Compiler>
				<MakeCommands>
					<Build command="/usr/local/bin/gmake -j8 -f &quot;/Users/key/STM32CubeIDE/workspace_1.3.0/led_blink/Release/Makefile&quot;  VERBOSE=1 led_blink.elf"/>
					<CompileFile command="/usr/local/bin/gmake -j8 -f &quot;/Users/key/STM32CubeIDE/workspace_1.3.0/led_blink/Release/Makefile&quot;  VERBOSE=1 &quot;$file&quot;"/>
					<Clean command="/usr/local/bin/gmake -j8 -f &quot;/Users/key/STM32CubeIDE/workspace_1.3.0/led_blink/Release/Makefile&quot;  VERBOSE=1 clean"/>
					<DistClean command="/usr/local/bin/gmake -j8 -f &quot;/Users/key/STM32CubeIDE/workspace_1.3.0/led_blink/Release/Makefile&quot;  VERBOSE=1 clean"/>
				</MakeCommands>
			</Target>
			<Target title="led_blink.elf/fast">
				<Option output="/Users/key/STM32CubeIDE/workspace_1.3.0/led_blink/Release/led_blink.elf" prefix_auto="0" extension_auto="0"/>
				<Option working_dir="/Users/key/STM32CubeIDE/workspace_1.3.0/led_blink/Release"/>
				<Option object_output="./"/>
				<Option type="1"/>
				<Option compiler="gcc"/>
				<Compiler>
					<Add option="-DUSE_HAL_DRIVER"/>
					<Add option="-DSTM32F401xE"/>
					<Add option="-DDEBUG"/>
					<Add directory="/Users/key/STM32CubeIDE/workspace_1.3.0/led_blink/Middlewares/Third_Party/FreeRTOS/Source/include"/>
					<Add directory="/Users/key/STM32CubeIDE/workspace_1.3.0/led_blink/Middlewares/Third_Party/FreeRTOS/Source/portable/GCC/ARM_CM4F"/>
					<Add directory="/Users/key/STM32CubeIDE/workspace_1.3.0/led_blink/Drivers/CMSIS/Include"/>
					<Add directory="/Users/key/STM32CubeIDE/workspace_1.3.0/led_blink/Drivers/STM32F4xx_HAL_Driver/Inc"/>
					<Add directory="/Users/key/STM32CubeIDE/workspace_1.3.0/led_blink/Core/Inc"/>
					<Add directory="/Users/key/STM32CubeIDE/workspace_1.3.0/led_blink/Drivers/CMSIS/Device/ST/STM32F4xx/Include"/>
					<Add directory="/Users/key/STM32CubeIDE/workspace_1.3.0/led_blink/Middlewares/Third_Party/FreeRTOS/Source/CMSIS_RTOS"/>
					<Add directory="/Users/key/STM32CubeIDE/workspace_1.3.0/led_blink/Drivers/STM32F4xx_HAL_Driver/Inc/Legacy"/>
					<Add directory="/usr/local/Caskroom/gcc-arm-embedded/9-2019-q4-major/gcc-arm-none-eabi-9-2019-q4-major/bin/../lib/gcc/arm-none-eabi/9.2.1/../../../../arm-none-eabi/include/c++/9.2.1"/>
					<Add directory="/usr/local/Caskroom/gcc-arm-embedded/9-2019-q4-major/gcc-arm-none-eabi-9-2019-q4-major/bin/../lib/gcc/arm-none-eabi/9.2.1/../../../../arm-none-eabi/include/c++/9.2.1/arm-none-eabi"/>
					<Add directory="/usr/local/Caskroom/gcc-arm-embedded/9-2019-q4-major/gcc-arm-none-eabi-9-2019-q4-major/bin/../lib/gcc/arm-none-eabi/9.2.1/../../../../arm-none-eabi/include/c++/9.2.1/backward"/>
					<Add directory="/usr/local/Caskroom/gcc-arm-embedded/9-2019-q4-major/gcc-arm-none-eabi-9-2019-q4-major/bin/../lib/gcc/arm-none-eabi/9.2.1/include"/>
					<Add directory="/usr/local/Caskroom/gcc-arm-embedded/9-2019-q4-major/gcc-arm-none-eabi-9-2019-q4-major/bin/../lib/gcc/arm-none-eabi/9.2.1/include-fixed"/>
					<Add directory="/usr/local/Caskroom/gcc-arm-embedded/9-2019-q4-major/gcc-arm-none-eabi-9-2019-q4-major/bin/../lib/gcc/arm-none-eabi/9.2.1/../../../../arm-none-eabi/include"/>
				</Compiler>
				<MakeCommands>
					<Build command="/usr/local/bin/gmake -j8 -f &quot;/Users/key/STM32CubeIDE/workspace_1.3.0/led_blink/Release/Makefile&quot;  VERBOSE=1 led_blink.elf/fast"/>
					<CompileFile command="/usr/local/bin/gmake -j8 -f &quot;/Users/key/STM32CubeIDE/workspace_1.3.0/led_blink/Release/Makefile&quot;  VERBOSE=1 &quot;$file&quot;"/>
					<Clean command="/usr/local/bin/gmake -j8 -f &quot;/Users/key/STM32CubeIDE/workspace_1.3.0/led_blink/Release/Makefile&quot;  VERBOSE=1 clean"/>
					<DistClean command="/usr/local/bin/gmake -j8 -f &quot;/Users/key/STM32CubeIDE/workspace_1.3.0/led_blink/Release/Makefile&quot;  VERBOSE=1 clean"/>
				</MakeCommands>
			</Target>
		</Build>
		<Unit filename="/Users/key/STM32CubeIDE/workspace_1.3.0/led_blink/Core/Inc/FreeRTOSConfig.h">
			<Option target="led_blink.elf"/>
		</Unit>
		<Unit filename="/Users/key/STM32CubeIDE/workspace_1.3.0/led_blink/Core/Inc/main.h">
			<Option target="led_blink.elf"/>
		</Unit>
		<Unit filename="/Users/key/STM32CubeIDE/workspace_1.3.0/led_blink/Core/Inc/stm32f4xx_hal_conf.h">
			<Option target="led_blink.elf"/>
		</Unit>
		<Unit filename="/Users/key/STM32CubeIDE/workspace_1.3.0/led_blink/Core/Inc/stm32f4xx_it.h">
			<Option target="led_blink.elf"/>
		</Unit>
		<Unit filename="/Users/key/STM32CubeIDE/workspace_1.3.0/led_blink/Core/Src/freertos.c">
			<Option target="led_blink.elf"/>
		</Unit>
		<Unit filename="/Users/key/STM32CubeIDE/workspace_1.3.0/led_blink/Core/Src/main.c">
			<Option target="led_blink.elf"/>
		</Unit>
		<Unit filename="/Users/key/STM32CubeIDE/workspace_1.3.0/led_blink/Core/Src/stm32f4xx_hal_msp.c">
			<Option target="led_blink.elf"/>
		</Unit>
		<Unit filename="/Users/key/STM32CubeIDE/workspace_1.3.0/led_blink/Core/Src/stm32f4xx_hal_timebase_tim.c">
			<Option target="led_blink.elf"/>
		</Unit>
		<Unit filename="/Users/key/STM32CubeIDE/workspace_1.3.0/led_blink/Core/Src/stm32f4xx_it.c">
			<Option target="led_blink.elf"/>
		</Unit>
		<Unit filename="/Users/key/STM32CubeIDE/workspace_1.3.0/led_blink/Core/Src/syscalls.c">
			<Option target="led_blink.elf"/>
		</Unit>
		<Unit filename="/Users/key/STM32CubeIDE/workspace_1.3.0/led_blink/Core/Src/sysmem.c">
			<Option target="led_blink.elf"/>
		</Unit>
		<Unit filename="/Users/key/STM32CubeIDE/workspace_1.3.0/led_blink/Core/Src/system_stm32f4xx.c">
			<Option target="led_blink.elf"/>
		</Unit>
		<Unit filename="/Users/key/STM32CubeIDE/workspace_1.3.0/led_blink/Core/Startup/startup_stm32f401retx.s">
			<Option target="led_blink.elf"/>
		</Unit>
		<Unit filename="/Users/key/STM32CubeIDE/workspace_1.3.0/led_blink/Drivers/CMSIS/Device/ST/STM32F4xx/Include/stm32f401xe.h">
			<Option target="led_blink.elf"/>
		</Unit>
		<Unit filename="/Users/key/STM32CubeIDE/workspace_1.3.0/led_blink/Drivers/CMSIS/Device/ST/STM32F4xx/Include/stm32f4xx.h">
			<Option target="led_blink.elf"/>
		</Unit>
		<Unit filename="/Users/key/STM32CubeIDE/workspace_1.3.0/led_blink/Drivers/CMSIS/Device/ST/STM32F4xx/Include/system_stm32f4xx.h">
			<Option target="led_blink.elf"/>
		</Unit>
		<Unit filename="/Users/key/STM32CubeIDE/workspace_1.3.0/led_blink/Drivers/CMSIS/Include/cmsis_armcc.h">
			<Option target="led_blink.elf"/>
		</Unit>
		<Unit filename="/Users/key/STM32CubeIDE/workspace_1.3.0/led_blink/Drivers/CMSIS/Include/cmsis_armclang.h">
			<Option target="led_blink.elf"/>
		</Unit>
		<Unit filename="/Users/key/STM32CubeIDE/workspace_1.3.0/led_blink/Drivers/CMSIS/Include/cmsis_compiler.h">
			<Option target="led_blink.elf"/>
		</Unit>
		<Unit filename="/Users/key/STM32CubeIDE/workspace_1.3.0/led_blink/Drivers/CMSIS/Include/cmsis_gcc.h">
			<Option target="led_blink.elf"/>
		</Unit>
		<Unit filename="/Users/key/STM32CubeIDE/workspace_1.3.0/led_blink/Drivers/CMSIS/Include/cmsis_iccarm.h">
			<Option target="led_blink.elf"/>
		</Unit>
		<Unit filename="/Users/key/STM32CubeIDE/workspace_1.3.0/led_blink/Drivers/CMSIS/Include/cmsis_version.h">
			<Option target="led_blink.elf"/>
		</Unit>
		<Unit filename="/Users/key/STM32CubeIDE/workspace_1.3.0/led_blink/Drivers/CMSIS/Include/core_armv8mbl.h">
			<Option target="led_blink.elf"/>
		</Unit>
		<Unit filename="/Users/key/STM32CubeIDE/workspace_1.3.0/led_blink/Drivers/CMSIS/Include/core_armv8mml.h">
			<Option target="led_blink.elf"/>
		</Unit>
		<Unit filename="/Users/key/STM32CubeIDE/workspace_1.3.0/led_blink/Drivers/CMSIS/Include/core_cm0.h">
			<Option target="led_blink.elf"/>
		</Unit>
		<Unit filename="/Users/key/STM32CubeIDE/workspace_1.3.0/led_blink/Drivers/CMSIS/Include/core_cm0plus.h">
			<Option target="led_blink.elf"/>
		</Unit>
		<Unit filename="/Users/key/STM32CubeIDE/workspace_1.3.0/led_blink/Drivers/CMSIS/Include/core_cm1.h">
			<Option target="led_blink.elf"/>
		</Unit>
		<Unit filename="/Users/key/STM32CubeIDE/workspace_1.3.0/led_blink/Drivers/CMSIS/Include/core_cm23.h">
			<Option target="led_blink.elf"/>
		</Unit>
		<Unit filename="/Users/key/STM32CubeIDE/workspace_1.3.0/led_blink/Drivers/CMSIS/Include/core_cm3.h">
			<Option target="led_blink.elf"/>
		</Unit>
		<Unit filename="/Users/key/STM32CubeIDE/workspace_1.3.0/led_blink/Drivers/CMSIS/Include/core_cm33.h">
			<Option target="led_blink.elf"/>
		</Unit>
		<Unit filename="/Users/key/STM32CubeIDE/workspace_1.3.0/led_blink/Drivers/CMSIS/Include/core_cm4.h">
			<Option target="led_blink.elf"/>
		</Unit>
		<Unit filename="/Users/key/STM32CubeIDE/workspace_1.3.0/led_blink/Drivers/CMSIS/Include/core_cm7.h">
			<Option target="led_blink.elf"/>
		</Unit>
		<Unit filename="/Users/key/STM32CubeIDE/workspace_1.3.0/led_blink/Drivers/CMSIS/Include/core_sc000.h">
			<Option target="led_blink.elf"/>
		</Unit>
		<Unit filename="/Users/key/STM32CubeIDE/workspace_1.3.0/led_blink/Drivers/CMSIS/Include/core_sc300.h">
			<Option target="led_blink.elf"/>
		</Unit>
		<Unit filename="/Users/key/STM32CubeIDE/workspace_1.3.0/led_blink/Drivers/CMSIS/Include/mpu_armv7.h">
			<Option target="led_blink.elf"/>
		</Unit>
		<Unit filename="/Users/key/STM32CubeIDE/workspace_1.3.0/led_blink/Drivers/CMSIS/Include/mpu_armv8.h">
			<Option target="led_blink.elf"/>
		</Unit>
		<Unit filename="/Users/key/STM32CubeIDE/workspace_1.3.0/led_blink/Drivers/CMSIS/Include/tz_context.h">
			<Option target="led_blink.elf"/>
		</Unit>
		<Unit filename="/Users/key/STM32CubeIDE/workspace_1.3.0/led_blink/Drivers/STM32F4xx_HAL_Driver/Inc/Legacy/stm32_hal_legacy.h">
			<Option target="led_blink.elf"/>
		</Unit>
		<Unit filename="/Users/key/STM32CubeIDE/workspace_1.3.0/led_blink/Drivers/STM32F4xx_HAL_Driver/Inc/stm32f4xx_hal.h">
			<Option target="led_blink.elf"/>
		</Unit>
		<Unit filename="/Users/key/STM32CubeIDE/workspace_1.3.0/led_blink/Drivers/STM32F4xx_HAL_Driver/Inc/stm32f4xx_hal_cortex.h">
			<Option target="led_blink.elf"/>
		</Unit>
		<Unit filename="/Users/key/STM32CubeIDE/workspace_1.3.0/led_blink/Drivers/STM32F4xx_HAL_Driver/Inc/stm32f4xx_hal_def.h">
			<Option target="led_blink.elf"/>
		</Unit>
		<Unit filename="/Users/key/STM32CubeIDE/workspace_1.3.0/led_blink/Drivers/STM32F4xx_HAL_Driver/Inc/stm32f4xx_hal_dma.h">
			<Option target="led_blink.elf"/>
		</Unit>
		<Unit filename="/Users/key/STM32CubeIDE/workspace_1.3.0/led_blink/Drivers/STM32F4xx_HAL_Driver/Inc/stm32f4xx_hal_dma_ex.h">
			<Option target="led_blink.elf"/>
		</Unit>
		<Unit filename="/Users/key/STM32CubeIDE/workspace_1.3.0/led_blink/Drivers/STM32F4xx_HAL_Driver/Inc/stm32f4xx_hal_exti.h">
			<Option target="led_blink.elf"/>
		</Unit>
		<Unit filename="/Users/key/STM32CubeIDE/workspace_1.3.0/led_blink/Drivers/STM32F4xx_HAL_Driver/Inc/stm32f4xx_hal_flash.h">
			<Option target="led_blink.elf"/>
		</Unit>
		<Unit filename="/Users/key/STM32CubeIDE/workspace_1.3.0/led_blink/Drivers/STM32F4xx_HAL_Driver/Inc/stm32f4xx_hal_flash_ex.h">
			<Option target="led_blink.elf"/>
		</Unit>
		<Unit filename="/Users/key/STM32CubeIDE/workspace_1.3.0/led_blink/Drivers/STM32F4xx_HAL_Driver/Inc/stm32f4xx_hal_flash_ramfunc.h">
			<Option target="led_blink.elf"/>
		</Unit>
		<Unit filename="/Users/key/STM32CubeIDE/workspace_1.3.0/led_blink/Drivers/STM32F4xx_HAL_Driver/Inc/stm32f4xx_hal_gpio.h">
			<Option target="led_blink.elf"/>
		</Unit>
		<Unit filename="/Users/key/STM32CubeIDE/workspace_1.3.0/led_blink/Drivers/STM32F4xx_HAL_Driver/Inc/stm32f4xx_hal_gpio_ex.h">
			<Option target="led_blink.elf"/>
		</Unit>
		<Unit filename="/Users/key/STM32CubeIDE/workspace_1.3.0/led_blink/Drivers/STM32F4xx_HAL_Driver/Inc/stm32f4xx_hal_pwr.h">
			<Option target="led_blink.elf"/>
		</Unit>
		<Unit filename="/Users/key/STM32CubeIDE/workspace_1.3.0/led_blink/Drivers/STM32F4xx_HAL_Driver/Inc/stm32f4xx_hal_pwr_ex.h">
			<Option target="led_blink.elf"/>
		</Unit>
		<Unit filename="/Users/key/STM32CubeIDE/workspace_1.3.0/led_blink/Drivers/STM32F4xx_HAL_Driver/Inc/stm32f4xx_hal_rcc.h">
			<Option target="led_blink.elf"/>
		</Unit>
		<Unit filename="/Users/key/STM32CubeIDE/workspace_1.3.0/led_blink/Drivers/STM32F4xx_HAL_Driver/Inc/stm32f4xx_hal_rcc_ex.h">
			<Option target="led_blink.elf"/>
		</Unit>
		<Unit filename="/Users/key/STM32CubeIDE/workspace_1.3.0/led_blink/Drivers/STM32F4xx_HAL_Driver/Inc/stm32f4xx_hal_tim.h">
			<Option target="led_blink.elf"/>
		</Unit>
		<Unit filename="/Users/key/STM32CubeIDE/workspace_1.3.0/led_blink/Drivers/STM32F4xx_HAL_Driver/Inc/stm32f4xx_hal_tim_ex.h">
			<Option target="led_blink.elf"/>
		</Unit>
		<Unit filename="/Users/key/STM32CubeIDE/workspace_1.3.0/led_blink/Drivers/STM32F4xx_HAL_Driver/Src/stm32f4xx_hal.c">
			<Option target="led_blink.elf"/>
		</Unit>
		<Unit filename="/Users/key/STM32CubeIDE/workspace_1.3.0/led_blink/Drivers/STM32F4xx_HAL_Driver/Src/stm32f4xx_hal_cortex.c">
			<Option target="led_blink.elf"/>
		</Unit>
		<Unit filename="/Users/key/STM32CubeIDE/workspace_1.3.0/led_blink/Drivers/STM32F4xx_HAL_Driver/Src/stm32f4xx_hal_dma.c">
			<Option target="led_blink.elf"/>
		</Unit>
		<Unit filename="/Users/key/STM32CubeIDE/workspace_1.3.0/led_blink/Drivers/STM32F4xx_HAL_Driver/Src/stm32f4xx_hal_dma_ex.c">
			<Option target="led_blink.elf"/>
		</Unit>
		<Unit filename="/Users/key/STM32CubeIDE/workspace_1.3.0/led_blink/Drivers/STM32F4xx_HAL_Driver/Src/stm32f4xx_hal_exti.c">
			<Option target="led_blink.elf"/>
		</Unit>
		<Unit filename="/Users/key/STM32CubeIDE/workspace_1.3.0/led_blink/Drivers/STM32F4xx_HAL_Driver/Src/stm32f4xx_hal_flash.c">
			<Option target="led_blink.elf"/>
		</Unit>
		<Unit filename="/Users/key/STM32CubeIDE/workspace_1.3.0/led_blink/Drivers/STM32F4xx_HAL_Driver/Src/stm32f4xx_hal_flash_ex.c">
			<Option target="led_blink.elf"/>
		</Unit>
		<Unit filename="/Users/key/STM32CubeIDE/workspace_1.3.0/led_blink/Drivers/STM32F4xx_HAL_Driver/Src/stm32f4xx_hal_flash_ramfunc.c">
			<Option target="led_blink.elf"/>
		</Unit>
		<Unit filename="/Users/key/STM32CubeIDE/workspace_1.3.0/led_blink/Drivers/STM32F4xx_HAL_Driver/Src/stm32f4xx_hal_gpio.c">
			<Option target="led_blink.elf"/>
		</Unit>
		<Unit filename="/Users/key/STM32CubeIDE/workspace_1.3.0/led_blink/Drivers/STM32F4xx_HAL_Driver/Src/stm32f4xx_hal_pwr.c">
			<Option target="led_blink.elf"/>
		</Unit>
		<Unit filename="/Users/key/STM32CubeIDE/workspace_1.3.0/led_blink/Drivers/STM32F4xx_HAL_Driver/Src/stm32f4xx_hal_pwr_ex.c">
			<Option target="led_blink.elf"/>
		</Unit>
		<Unit filename="/Users/key/STM32CubeIDE/workspace_1.3.0/led_blink/Drivers/STM32F4xx_HAL_Driver/Src/stm32f4xx_hal_rcc.c">
			<Option target="led_blink.elf"/>
		</Unit>
		<Unit filename="/Users/key/STM32CubeIDE/workspace_1.3.0/led_blink/Drivers/STM32F4xx_HAL_Driver/Src/stm32f4xx_hal_rcc_ex.c">
			<Option target="led_blink.elf"/>
		</Unit>
		<Unit filename="/Users/key/STM32CubeIDE/workspace_1.3.0/led_blink/Drivers/STM32F4xx_HAL_Driver/Src/stm32f4xx_hal_tim.c">
			<Option target="led_blink.elf"/>
		</Unit>
		<Unit filename="/Users/key/STM32CubeIDE/workspace_1.3.0/led_blink/Drivers/STM32F4xx_HAL_Driver/Src/stm32f4xx_hal_tim_ex.c">
			<Option target="led_blink.elf"/>
		</Unit>
		<Unit filename="/Users/key/STM32CubeIDE/workspace_1.3.0/led_blink/Middlewares/Third_Party/FreeRTOS/Source/CMSIS_RTOS/cmsis_os.c">
			<Option target="led_blink.elf"/>
		</Unit>
		<Unit filename="/Users/key/STM32CubeIDE/workspace_1.3.0/led_blink/Middlewares/Third_Party/FreeRTOS/Source/CMSIS_RTOS/cmsis_os.h">
			<Option target="led_blink.elf"/>
		</Unit>
		<Unit filename="/Users/key/STM32CubeIDE/workspace_1.3.0/led_blink/Middlewares/Third_Party/FreeRTOS/Source/croutine.c">
			<Option target="led_blink.elf"/>
		</Unit>
		<Unit filename="/Users/key/STM32CubeIDE/workspace_1.3.0/led_blink/Middlewares/Third_Party/FreeRTOS/Source/event_groups.c">
			<Option target="led_blink.elf"/>
		</Unit>
		<Unit filename="/Users/key/STM32CubeIDE/workspace_1.3.0/led_blink/Middlewares/Third_Party/FreeRTOS/Source/include/FreeRTOS.h">
			<Option target="led_blink.elf"/>
		</Unit>
		<Unit filename="/Users/key/STM32CubeIDE/workspace_1.3.0/led_blink/Middlewares/Third_Party/FreeRTOS/Source/include/StackMacros.h">
			<Option target="led_blink.elf"/>
		</Unit>
		<Unit filename="/Users/key/STM32CubeIDE/workspace_1.3.0/led_blink/Middlewares/Third_Party/FreeRTOS/Source/include/croutine.h">
			<Option target="led_blink.elf"/>
		</Unit>
		<Unit filename="/Users/key/STM32CubeIDE/workspace_1.3.0/led_blink/Middlewares/Third_Party/FreeRTOS/Source/include/deprecated_definitions.h">
			<Option target="led_blink.elf"/>
		</Unit>
		<Unit filename="/Users/key/STM32CubeIDE/workspace_1.3.0/led_blink/Middlewares/Third_Party/FreeRTOS/Source/include/event_groups.h">
			<Option target="led_blink.elf"/>
		</Unit>
		<Unit filename="/Users/key/STM32CubeIDE/workspace_1.3.0/led_blink/Middlewares/Third_Party/FreeRTOS/Source/include/list.h">
			<Option target="led_blink.elf"/>
		</Unit>
		<Unit filename="/Users/key/STM32CubeIDE/workspace_1.3.0/led_blink/Middlewares/Third_Party/FreeRTOS/Source/include/message_buffer.h">
			<Option target="led_blink.elf"/>
		</Unit>
		<Unit filename="/Users/key/STM32CubeIDE/workspace_1.3.0/led_blink/Middlewares/Third_Party/FreeRTOS/Source/include/mpu_prototypes.h">
			<Option target="led_blink.elf"/>
		</Unit>
		<Unit filename="/Users/key/STM32CubeIDE/workspace_1.3.0/led_blink/Middlewares/Third_Party/FreeRTOS/Source/include/mpu_wrappers.h">
			<Option target="led_blink.elf"/>
		</Unit>
		<Unit filename="/Users/key/STM32CubeIDE/workspace_1.3.0/led_blink/Middlewares/Third_Party/FreeRTOS/Source/include/portable.h">
			<Option target="led_blink.elf"/>
		</Unit>
		<Unit filename="/Users/key/STM32CubeIDE/workspace_1.3.0/led_blink/Middlewares/Third_Party/FreeRTOS/Source/include/projdefs.h">
			<Option target="led_blink.elf"/>
		</Unit>
		<Unit filename="/Users/key/STM32CubeIDE/workspace_1.3.0/led_blink/Middlewares/Third_Party/FreeRTOS/Source/include/queue.h">
			<Option target="led_blink.elf"/>
		</Unit>
		<Unit filename="/Users/key/STM32CubeIDE/workspace_1.3.0/led_blink/Middlewares/Third_Party/FreeRTOS/Source/include/semphr.h">
			<Option target="led_blink.elf"/>
		</Unit>
		<Unit filename="/Users/key/STM32CubeIDE/workspace_1.3.0/led_blink/Middlewares/Third_Party/FreeRTOS/Source/include/stack_macros.h">
			<Option target="led_blink.elf"/>
		</Unit>
		<Unit filename="/Users/key/STM32CubeIDE/workspace_1.3.0/led_blink/Middlewares/Third_Party/FreeRTOS/Source/include/stream_buffer.h">
			<Option target="led_blink.elf"/>
		</Unit>
		<Unit filename="/Users/key/STM32CubeIDE/workspace_1.3.0/led_blink/Middlewares/Third_Party/FreeRTOS/Source/include/task.h">
			<Option target="led_blink.elf"/>
		</Unit>
		<Unit filename="/Users/key/STM32CubeIDE/workspace_1.3.0/led_blink/Middlewares/Third_Party/FreeRTOS/Source/include/timers.h">
			<Option target="led_blink.elf"/>
		</Unit>
		<Unit filename="/Users/key/STM32CubeIDE/workspace_1.3.0/led_blink/Middlewares/Third_Party/FreeRTOS/Source/list.c">
			<Option target="led_blink.elf"/>
		</Unit>
		<Unit filename="/Users/key/STM32CubeIDE/workspace_1.3.0/led_blink/Middlewares/Third_Party/FreeRTOS/Source/portable/GCC/ARM_CM4F/port.c">
			<Option target="led_blink.elf"/>
		</Unit>
		<Unit filename="/Users/key/STM32CubeIDE/workspace_1.3.0/led_blink/Middlewares/Third_Party/FreeRTOS/Source/portable/GCC/ARM_CM4F/portmacro.h">
			<Option target="led_blink.elf"/>
		</Unit>
		<Unit filename="/Users/key/STM32CubeIDE/workspace_1.3.0/led_blink/Middlewares/Third_Party/FreeRTOS/Source/portable/MemMang/heap_4.c">
			<Option target="led_blink.elf"/>
		</Unit>
		<Unit filename="/Users/key/STM32CubeIDE/workspace_1.3.0/led_blink/Middlewares/Third_Party/FreeRTOS/Source/queue.c">
			<Option target="led_blink.elf"/>
		</Unit>
		<Unit filename="/Users/key/STM32CubeIDE/workspace_1.3.0/led_blink/Middlewares/Third_Party/FreeRTOS/Source/stream_buffer.c">
			<Option target="led_blink.elf"/>
		</Unit>
		<Unit filename="/Users/key/STM32CubeIDE/workspace_1.3.0/led_blink/Middlewares/Third_Party/FreeRTOS/Source/tasks.c">
			<Option target="led_blink.elf"/>
		</Unit>
		<Unit filename="/Users/key/STM32CubeIDE/workspace_1.3.0/led_blink/Middlewares/Third_Party/FreeRTOS/Source/timers.c">
			<Option target="led_blink.elf"/>
		</Unit>
		<Unit filename="/Users/key/STM32CubeIDE/workspace_1.3.0/led_blink/STM32F401RETX_FLASH.ld">
			<Option target="led_blink.elf"/>
		</Unit>
		<Unit filename="/Users/key/STM32CubeIDE/workspace_1.3.0/led_blink/CMakeLists.txt">
			<Option virtualFolder="CMake Files\"/>
		</Unit>
	</Project>
</CodeBlocks_project_file>
